
Microsoft Visual Studio Solution File, Format Version 12.00
# Visual Studio 15
VisualStudioVersion = 15.0.28307.489
MinimumVisualStudioVersion = 10.0.40219.1
Project("{FAE04EC0-301F-11D3-BF4B-00C04F79EFBC}") = "AntiniumRaceCode", "AntiniumRaceCode\AntiniumRaceCode.csproj", "{9165B958-5D87-4B16-81E8-A0AC528C91FE}"
EndProject
Project("{FAE04EC0-301F-11D3-BF4B-00C04F79EFBC}") = "AntiniumHiveQueen", "AntHiveQueen\AntiniumHiveQueen.csproj", "{5077B11E-A99E-452C-953D-3343AD4D82A5}"
EndProject
Global
	GlobalSection(SolutionConfigurationPlatforms) = preSolution
		Debug|Any CPU = Debug|Any CPU
		Release|Any CPU = Release|Any CPU
	EndGlobalSection
	GlobalSection(ProjectConfigurationPlatforms) = postSolution
		{9165B958-5D87-4B16-81E8-A0AC528C91FE}.Debug|Any CPU.ActiveCfg = Debug|Any CPU
		{9165B958-5D87-4B16-81E8-A0AC528C91FE}.Debug|Any CPU.Build.0 = Debug|Any CPU
		{9165B958-5D87-4B16-81E8-A0AC528C91FE}.Release|Any CPU.ActiveCfg = Release|Any CPU
		{9165B958-5D87-4B16-81E8-A0AC528C91FE}.Release|Any CPU.Build.0 = Release|Any CPU
		{5077B11E-A99E-452C-953D-3343AD4D82A5}.Debug|Any CPU.ActiveCfg = Debug|Any CPU
		{5077B11E-A99E-452C-953D-3343AD4D82A5}.Debug|Any CPU.Build.0 = Debug|Any CPU
		{5077B11E-A99E-452C-953D-3343AD4D82A5}.Release|Any CPU.ActiveCfg = Release|Any CPU
		{5077B11E-A99E-452C-953D-3343AD4D82A5}.Release|Any CPU.Build.0 = Release|Any CPU
	EndGlobalSection
	GlobalSection(SolutionProperties) = preSolution
		HideSolutionNode = FALSE
	EndGlobalSection
	GlobalSection(ExtensibilityGlobals) = postSolution
		SolutionGuid = {05A10BA7-CB98-4AF9-AC90-1F73A804FADE}
	EndGlobalSection
EndGlobal
